
Microsoft Visual Studio Solution File, Format Version 12.00
# Visual Studio 2012
Project("{FAE04EC0-301F-11D3-BF4B-00C04F79EFBC}") = "ianexamapp", "ianexamapp\ianexamapp.csproj", "{34008D76-33AA-4DAD-A19B-9AF46155DB93}"
EndProject
Project("{FAE04EC0-301F-11D3-BF4B-00C04F79EFBC}") = "ianexamapp.iOS", "iOS\ianexamapp.iOS.csproj", "{3BB29533-EC44-466D-B5AC-5B0B6C494904}"
EndProject
Project("{FAE04EC0-301F-11D3-BF4B-00C04F79EFBC}") = "ianexamapp.Droid", "Droid\ianexamapp.Droid.csproj", "{51514B9C-A245-43F5-BE1C-35C182107A28}"
EndProject
Global
	GlobalSection(SolutionConfigurationPlatforms) = preSolution
		Debug|Any CPU = Debug|Any CPU
		Release|Any CPU = Release|Any CPU
		Debug|iPhoneSimulator = Debug|iPhoneSimulator
		Release|iPhone = Release|iPhone
		Release|iPhoneSimulator = Release|iPhoneSimulator
		Debug|iPhone = Debug|iPhone
	EndGlobalSection
	GlobalSection(ProjectConfigurationPlatforms) = postSolution
		{34008D76-33AA-4DAD-A19B-9AF46155DB93}.Debug|Any CPU.ActiveCfg = Debug|Any CPU
		{34008D76-33AA-4DAD-A19B-9AF46155DB93}.Debug|Any CPU.Build.0 = Debug|Any CPU
		{34008D76-33AA-4DAD-A19B-9AF46155DB93}.Debug|iPhone.ActiveCfg = Debug|Any CPU
		{34008D76-33AA-4DAD-A19B-9AF46155DB93}.Debug|iPhone.Build.0 = Debug|Any CPU
		{34008D76-33AA-4DAD-A19B-9AF46155DB93}.Debug|iPhoneSimulator.ActiveCfg = Debug|Any CPU
		{34008D76-33AA-4DAD-A19B-9AF46155DB93}.Debug|iPhoneSimulator.Build.0 = Debug|Any CPU
		{34008D76-33AA-4DAD-A19B-9AF46155DB93}.Release|Any CPU.ActiveCfg = Release|Any CPU
		{34008D76-33AA-4DAD-A19B-9AF46155DB93}.Release|Any CPU.Build.0 = Release|Any CPU
		{34008D76-33AA-4DAD-A19B-9AF46155DB93}.Release|iPhone.ActiveCfg = Release|Any CPU
		{34008D76-33AA-4DAD-A19B-9AF46155DB93}.Release|iPhone.Build.0 = Release|Any CPU
		{34008D76-33AA-4DAD-A19B-9AF46155DB93}.Release|iPhoneSimulator.ActiveCfg = Release|Any CPU
		{34008D76-33AA-4DAD-A19B-9AF46155DB93}.Release|iPhoneSimulator.Build.0 = Release|Any CPU
		{3BB29533-EC44-466D-B5AC-5B0B6C494904}.Debug|Any CPU.ActiveCfg = Debug|iPhoneSimulator
		{3BB29533-EC44-466D-B5AC-5B0B6C494904}.Debug|Any CPU.Build.0 = Debug|iPhoneSimulator
		{3BB29533-EC44-466D-B5AC-5B0B6C494904}.Debug|iPhone.ActiveCfg = Debug|iPhone
		{3BB29533-EC44-466D-B5AC-5B0B6C494904}.Debug|iPhone.Build.0 = Debug|iPhone
		{3BB29533-EC44-466D-B5AC-5B0B6C494904}.Debug|iPhoneSimulator.ActiveCfg = Debug|iPhoneSimulator
		{3BB29533-EC44-466D-B5AC-5B0B6C494904}.Debug|iPhoneSimulator.Build.0 = Debug|iPhoneSimulator
		{3BB29533-EC44-466D-B5AC-5B0B6C494904}.Release|Any CPU.ActiveCfg = Release|iPhone
		{3BB29533-EC44-466D-B5AC-5B0B6C494904}.Release|Any CPU.Build.0 = Release|iPhone
		{3BB29533-EC44-466D-B5AC-5B0B6C494904}.Release|iPhone.ActiveCfg = Release|iPhone
		{3BB29533-EC44-466D-B5AC-5B0B6C494904}.Release|iPhone.Build.0 = Release|iPhone
		{3BB29533-EC44-466D-B5AC-5B0B6C494904}.Release|iPhoneSimulator.ActiveCfg = Release|iPhoneSimulator
		{3BB29533-EC44-466D-B5AC-5B0B6C494904}.Release|iPhoneSimulator.Build.0 = Release|iPhoneSimulator
		{51514B9C-A245-43F5-BE1C-35C182107A28}.Debug|Any CPU.ActiveCfg = Debug|Any CPU
		{51514B9C-A245-43F5-BE1C-35C182107A28}.Debug|Any CPU.Build.0 = Debug|Any CPU
		{51514B9C-A245-43F5-BE1C-35C182107A28}.Debug|iPhone.ActiveCfg = Debug|Any CPU
		{51514B9C-A245-43F5-BE1C-35C182107A28}.Debug|iPhone.Build.0 = Debug|Any CPU
		{51514B9C-A245-43F5-BE1C-35C182107A28}.Debug|iPhoneSimulator.ActiveCfg = Debug|Any CPU
		{51514B9C-A245-43F5-BE1C-35C182107A28}.Debug|iPhoneSimulator.Build.0 = Debug|Any CPU
		{51514B9C-A245-43F5-BE1C-35C182107A28}.Release|Any CPU.ActiveCfg = Release|Any CPU
		{51514B9C-A245-43F5-BE1C-35C182107A28}.Release|Any CPU.Build.0 = Release|Any CPU
		{51514B9C-A245-43F5-BE1C-35C182107A28}.Release|iPhone.ActiveCfg = Release|Any CPU
		{51514B9C-A245-43F5-BE1C-35C182107A28}.Release|iPhone.Build.0 = Release|Any CPU
		{51514B9C-A245-43F5-BE1C-35C182107A28}.Release|iPhoneSimulator.ActiveCfg = Release|Any CPU
		{51514B9C-A245-43F5-BE1C-35C182107A28}.Release|iPhoneSimulator.Build.0 = Release|Any CPU
	EndGlobalSection
EndGlobal
